
Microsoft Visual Studio Solution File, Format Version 12.00
# Visual Studio Version 17
VisualStudioVersion = 17.13.35818.85 d17.13
MinimumVisualStudioVersion = 10.0.40219.1
Project("{FAE04EC0-301F-11D3-BF4B-00C04F79EFBC}") = "getPrimes", "getPrimes\getPrimes.csproj", "{42B3F7F9-857B-4C1A-BDBE-2C43396EB6EA}"
EndProject
Global
	GlobalSection(SolutionConfigurationPlatforms) = preSolution
		Debug|Any CPU = Debug|Any CPU
		Release|Any CPU = Release|Any CPU
	EndGlobalSection
	GlobalSection(ProjectConfigurationPlatforms) = postSolution
		{42B3F7F9-857B-4C1A-BDBE-2C43396EB6EA}.Debug|Any CPU.ActiveCfg = Debug|Any CPU
		{42B3F7F9-857B-4C1A-BDBE-2C43396EB6EA}.Debug|Any CPU.Build.0 = Debug|Any CPU
		{42B3F7F9-857B-4C1A-BDBE-2C43396EB6EA}.Release|Any CPU.ActiveCfg = Release|Any CPU
		{42B3F7F9-857B-4C1A-BDBE-2C43396EB6EA}.Release|Any CPU.Build.0 = Release|Any CPU
	EndGlobalSection
	GlobalSection(SolutionProperties) = preSolution
		HideSolutionNode = FALSE
	EndGlobalSection
	GlobalSection(ExtensibilityGlobals) = postSolution
		SolutionGuid = {3F82B9D0-92BF-4796-9C03-DC0979A32855}
	EndGlobalSection
EndGlobal
