
Microsoft Visual Studio Solution File, Format Version 12.00
# Visual Studio Version 17
VisualStudioVersion = 17.13.35818.85 d17.13
MinimumVisualStudioVersion = 10.0.40219.1
Project("{FAE04EC0-301F-11D3-BF4B-00C04F79EFBC}") = "OrderManager", "OrderManager\OrderManager.csproj", "{6E14C010-0F10-47AB-BD34-41B9CA27F541}"
EndProject
Global
	GlobalSection(SolutionConfigurationPlatforms) = preSolution
		Debug|Any CPU = Debug|Any CPU
		Release|Any CPU = Release|Any CPU
	EndGlobalSection
	GlobalSection(ProjectConfigurationPlatforms) = postSolution
		{6E14C010-0F10-47AB-BD34-41B9CA27F541}.Debug|Any CPU.ActiveCfg = Debug|Any CPU
		{6E14C010-0F10-47AB-BD34-41B9CA27F541}.Debug|Any CPU.Build.0 = Debug|Any CPU
		{6E14C010-0F10-47AB-BD34-41B9CA27F541}.Release|Any CPU.ActiveCfg = Release|Any CPU
		{6E14C010-0F10-47AB-BD34-41B9CA27F541}.Release|Any CPU.Build.0 = Release|Any CPU
	EndGlobalSection
	GlobalSection(SolutionProperties) = preSolution
		HideSolutionNode = FALSE
	EndGlobalSection
	GlobalSection(ExtensibilityGlobals) = postSolution
		SolutionGuid = {D602262C-0A1A-4440-B3D8-7A8BA7120090}
	EndGlobalSection
EndGlobal
